# Generated by pub
# See https://dart.dev/tools/pub/glossary#lockfile
packages:
  _discoveryapis_commons:
    dependency: transitive
    description:
      name: _discoveryapis_commons
      sha256: "50d83f715747fd9f41bcdc87eec93fa300c63dd9ca16bb884bbe7864a2a547bd"
      url: "https://pub.dev"
    source: hosted
    version: "1.0.3"
  archive:
    dependency: transitive
    description:
      name: archive
      sha256: "793964beb8e297995714326628881437d4211f10fc8843534bab54129cd896ee"
      url: "https://pub.dev"
    source: hosted
    version: "3.3.1"
  args:
    dependency: transitive
    description:
      name: args
      sha256: b003c3098049a51720352d219b0bb5f219b60fbfb68e7a4748139a06a5676515
      url: "https://pub.dev"
    source: hosted
    version: "2.3.1"
  async:
    dependency: transitive
    description:
      name: async
      sha256: bfe67ef28df125b7dddcea62755991f807aa39a2492a23e1550161692950bbe0
      url: "https://pub.dev"
    source: hosted
    version: "2.10.0"
  audio_session:
    dependency: "direct main"
    description:
      name: audio_session
      sha256: f952f7a98640ba1d07520465a1cdaed6df0994390ac6fa73920d1741207147b8
      url: "https://pub.dev"
    source: hosted
    version: "0.1.10"
  boolean_selector:
    dependency: transitive
    description:
      name: boolean_selector
      sha256: "6cfb5af12253eaf2b368f07bacc5a80d1301a071c73360d746b7f2e32d762c66"
      url: "https://pub.dev"
    source: hosted
    version: "2.1.1"
  characters:
    dependency: transitive
    description:
      name: characters
      sha256: e6a326c8af69605aec75ed6c187d06b349707a27fbff8222ca9cc2cff167975c
      url: "https://pub.dev"
    source: hosted
    version: "1.2.1"
  clock:
    dependency: transitive
    description:
      name: clock
      sha256: cb6d7f03e1de671e34607e909a7213e31d7752be4fb66a86d29fe1eb14bfb5cf
      url: "https://pub.dev"
    source: hosted
    version: "1.1.1"
  collection:
    dependency: transitive
    description:
      name: collection
      sha256: cfc915e6923fe5ce6e153b0723c753045de46de1b4d63771530504004a45fae0
      url: "https://pub.dev"
    source: hosted
    version: "1.17.0"
  connectivity_plus:
    dependency: "direct main"
    description:
      name: connectivity_plus
      sha256: e8eba38c50768741057c5ba0adda72bf79869e1db1f4957c5669f618ef5c359d
      url: "https://pub.dev"
    source: hosted
    version: "2.3.6"
  connectivity_plus_linux:
    dependency: transitive
    description:
      name: connectivity_plus_linux
      sha256: "3caf859d001f10407b8e48134c761483e4495ae38094ffcca97193f6c271f5e2"
      url: "https://pub.dev"
    source: hosted
    version: "1.3.1"
  connectivity_plus_macos:
    dependency: transitive
    description:
      name: connectivity_plus_macos
      sha256: "918e08992649c85bfdb80b07d5de3e17257f776c1db8c76cadabc517f234edee"
      url: "https://pub.dev"
    source: hosted
    version: "1.2.4"
  connectivity_plus_platform_interface:
    dependency: transitive
    description:
      name: connectivity_plus_platform_interface
      sha256: cab163c8d1b2327297950f171e962f35300f247b19f0bc52dff48c12762e837e
      url: "https://pub.dev"
    source: hosted
    version: "1.2.1"
  connectivity_plus_web:
    dependency: transitive
    description:
      name: connectivity_plus_web
      sha256: b9141dbab92c607758946f2f38eb209d828655dc2535b44b1a9f09c9d4a22fbf
      url: "https://pub.dev"
    source: hosted
    version: "1.2.3"
  connectivity_plus_windows:
    dependency: transitive
    description:
      name: connectivity_plus_windows
      sha256: "535b0404b4d5605c4dd8453d67e5d6d2ea0dd36e3b477f50f31af51b0aeab9dd"
      url: "https://pub.dev"
    source: hosted
    version: "1.2.2"
  crypto:
    dependency: transitive
    description:
      name: crypto
      sha256: aa274aa7774f8964e4f4f38cc994db7b6158dd36e9187aaceaddc994b35c6c67
      url: "https://pub.dev"
    source: hosted
    version: "3.0.2"
  cupertino_icons:
    dependency: "direct main"
    description:
      name: cupertino_icons
      sha256: e35129dc44c9118cee2a5603506d823bab99c68393879edb440e0090d07586be
      url: "https://pub.dev"
    source: hosted
    version: "1.0.5"
  dbus:
    dependency: transitive
    description:
      name: dbus
      sha256: "905ee98622b37bcc4d0685381cd54cf9a58161c40d5e2a489e498014ac1217c3"
      url: "https://pub.dev"
    source: hosted
    version: "0.7.7"
  dots_indicator:
    dependency: transitive
    description:
      name: dots_indicator
      sha256: e59dfc90030ee5a4fd4c53144a8ce97cc7a823c2067b8fb9814960cd1ae63f89
      url: "https://pub.dev"
    source: hosted
    version: "2.1.0"
  emoji_picker_flutter:
    dependency: "direct main"
    description:
      name: emoji_picker_flutter
      sha256: ece466d8da2dfcb773ae38c90a5548b8f0c6882a5cc51840429ac5dbdc43b5cb
      url: "https://pub.dev"
    source: hosted
    version: "1.5.4"
  extension_google_sign_in_as_googleapis_auth:
    dependency: "direct main"
    description:
      name: extension_google_sign_in_as_googleapis_auth
      sha256: eb638546ec6a55bf84702a437043c550a8b52b5d2c65b2fce3151ad363f487a7
      url: "https://pub.dev"
    source: hosted
    version: "2.0.6"
  fake_async:
    dependency: transitive
    description:
      name: fake_async
      sha256: "511392330127add0b769b75a987850d136345d9227c6b94c96a04cf4a391bf78"
      url: "https://pub.dev"
    source: hosted
    version: "1.3.1"
  ffi:
    dependency: transitive
    description:
      name: ffi
      sha256: a38574032c5f1dd06c4aee541789906c12ccaab8ba01446e800d9c5b79c4a978
      url: "https://pub.dev"
    source: hosted
    version: "2.0.1"
  file:
    dependency: transitive
    description:
      name: file
      sha256: b69516f2c26a5bcac4eee2e32512e1a5205ab312b3536c1c1227b2b942b5f9ad
      url: "https://pub.dev"
    source: hosted
    version: "6.1.2"
  filesize:
    dependency: "direct main"
    description:
      name: filesize
      sha256: f53df1f27ff60e466eefcd9df239e02d4722d5e2debee92a87dfd99ac66de2af
      url: "https://pub.dev"
    source: hosted
    version: "2.0.1"
  flutter:
    dependency: "direct main"
    description: flutter
    source: sdk
    version: "0.0.0"
  flutter_archive:
    dependency: "direct main"
    description:
      name: flutter_archive
      sha256: aec85d1da65e5b33a529db00a86df0b8e92bda78088a7cfaeeba5187701d0d85
      url: "https://pub.dev"
    source: hosted
    version: "5.0.0"
  flutter_dotenv:
    dependency: "direct main"
    description:
      name: flutter_dotenv
      sha256: d9283d92059a22e9834bc0a31336658ffba77089fb6f3cc36751f1fc7c6661a3
      url: "https://pub.dev"
    source: hosted
    version: "5.0.2"
  flutter_launcher_icons:
    dependency: "direct dev"
    description:
      name: flutter_launcher_icons
      sha256: "559c600f056e7c704bd843723c21e01b5fba47e8824bd02422165bcc02a5de1d"
      url: "https://pub.dev"
    source: hosted
    version: "0.9.3"
  flutter_lints:
    dependency: "direct dev"
    description:
      name: flutter_lints
      sha256: aeb0b80a8b3709709c9cc496cdc027c5b3216796bc0af0ce1007eaf24464fd4c
      url: "https://pub.dev"
    source: hosted
    version: "2.0.1"
  flutter_map:
    dependency: "direct main"
    description:
      name: flutter_map
      sha256: a944320973675cdd802fe26cb360e6ca8f597b9c939dd08db6a40018e4fba7eb
      url: "https://pub.dev"
    source: hosted
    version: "2.1.0"
  flutter_sound:
    dependency: "direct main"
    description:
      name: flutter_sound
      sha256: "090a4694b11ecc744c2010621c4ffc5fe7c3079d304ea014961a72c7b72cfe6c"
      url: "https://pub.dev"
    source: hosted
    version: "9.2.13"
  flutter_sound_platform_interface:
    dependency: transitive
    description:
      name: flutter_sound_platform_interface
      sha256: "4537eaeb58a32748c42b621ad6116f7f4c6ee0a8d6ffaa501b165fe1c9df4753"
      url: "https://pub.dev"
    source: hosted
    version: "9.2.13"
  flutter_sound_web:
    dependency: transitive
    description:
      name: flutter_sound_web
      sha256: ad4ca92671a1879e1f613e900bbbdb8170b20d57d1e4e6363018fe56b055594f
      url: "https://pub.dev"
    source: hosted
    version: "9.2.13"
  flutter_test:
    dependency: "direct dev"
    description: flutter
    source: sdk
    version: "0.0.0"
  flutter_vibrate:
    dependency: "direct main"
    description:
      name: flutter_vibrate
      sha256: "9cc9b32cf52c90dd34c1cf396ed40010b2c74e69adbb0ff16005afa900971ad8"
      url: "https://pub.dev"
    source: hosted
    version: "1.3.0"
  flutter_web_plugins:
    dependency: transitive
    description: flutter
    source: sdk
    version: "0.0.0"
  google_sign_in:
    dependency: "direct main"
    description:
      name: google_sign_in
      sha256: a8a411a395935e0cef56172298dfeaa7f3556babc56912d98a3b761106a470c2
      url: "https://pub.dev"
    source: hosted
    version: "5.4.0"
  google_sign_in_android:
    dependency: transitive
    description:
      name: google_sign_in_android
      sha256: "23f5f2ac9c007bf0cf02380baaa67fff039efbf38b7a2a285c376c753f9767fa"
      url: "https://pub.dev"
    source: hosted
    version: "6.0.1"
  google_sign_in_ios:
    dependency: transitive
    description:
      name: google_sign_in_ios
      sha256: "8b80074ccda41b62553010b311506f5022f7d2701e4f22765546b3125450f9f3"
      url: "https://pub.dev"
    source: hosted
    version: "5.4.0"
  google_sign_in_platform_interface:
    dependency: transitive
    description:
      name: google_sign_in_platform_interface
      sha256: "252d0fadcd1e7939f1e00602eca1020b585d448aaa4b87c33137ca8717cd9e87"
      url: "https://pub.dev"
    source: hosted
    version: "2.2.0"
  google_sign_in_web:
    dependency: transitive
    description:
      name: google_sign_in_web
      sha256: "5b35c221169a7b3e0fc15043ac09102ef542300ef92f2e1f05d5d8efde263af5"
      url: "https://pub.dev"
    source: hosted
    version: "0.10.2"
  googleapis:
    dependency: "direct main"
    description:
      name: googleapis
      sha256: "0140b42e942daf5fcf316645435c572fe968233c9e6841208b4ed28184ead48e"
      url: "https://pub.dev"
    source: hosted
    version: "9.1.0"
  googleapis_auth:
    dependency: transitive
    description:
      name: googleapis_auth
      sha256: "127b1bbd32170ab8312f503bd57f1d654d8e4039ddfbc63c027d3f7ade0eff74"
      url: "https://pub.dev"
    source: hosted
    version: "1.3.1"
  http:
    dependency: "direct main"
    description:
      name: http
      sha256: "2ed163531e071c2c6b7c659635112f24cb64ecbebf6af46b550d536c0b1aa112"
      url: "https://pub.dev"
    source: hosted
    version: "0.13.4"
  http_parser:
    dependency: transitive
    description:
      name: http_parser
      sha256: db3060f22889f3d9d55f6a217565486737037eec3609f7f3eca4d0c67ee0d8a0
      url: "https://pub.dev"
    source: hosted
    version: "4.0.1"
  image:
    dependency: transitive
    description:
      name: image
      sha256: "9d2c5f73435a70a936d317769ee8e7ef480e37674b9f2bce95ea98969a307855"
      url: "https://pub.dev"
    source: hosted
    version: "3.2.0"
  intl:
    dependency: "direct main"
    description:
      name: intl
      sha256: "910f85bce16fb5c6f614e117efa303e85a1731bb0081edf3604a2ae6e9a3cc91"
      url: "https://pub.dev"
    source: hosted
    version: "0.17.0"
  introduction_screen:
    dependency: "direct main"
    description:
      name: introduction_screen
      sha256: "9397a902ab0feb59d7b70d2b37f4502feb9672c990040a01e99cb59078117c99"
      url: "https://pub.dev"
    source: hosted
    version: "3.0.2"
  js:
    dependency: transitive
    description:
      name: js
      sha256: "5528c2f391ededb7775ec1daa69e65a2d61276f7552de2b5f7b8d34ee9fd4ab7"
      url: "https://pub.dev"
    source: hosted
    version: "0.6.5"
  latlong2:
    dependency: transitive
    description:
      name: latlong2
      sha256: "408993a0e3f46e79ce1f129e4cb0386eef6d48dfa6394939ecacfbd7049154ec"
      url: "https://pub.dev"
    source: hosted
    version: "0.8.1"
  lints:
    dependency: transitive
    description:
      name: lints
      sha256: "5cfd6509652ff5e7fe149b6df4859e687fca9048437857cb2e65c8d780f396e3"
      url: "https://pub.dev"
    source: hosted
    version: "2.0.0"
  lists:
    dependency: transitive
    description:
      name: lists
      sha256: "4ca5c19ae4350de036a7e996cdd1ee39c93ac0a2b840f4915459b7d0a7d4ab27"
      url: "https://pub.dev"
    source: hosted
    version: "1.0.1"
  location:
    dependency: "direct main"
    description:
      name: location
      sha256: "9051959f6f2ccadd887b28b66e9cbbcc25b6838e37cf9e894c421ccc0ebf80b5"
      url: "https://pub.dev"
    source: hosted
    version: "4.4.0"
  location_platform_interface:
    dependency: transitive
    description:
      name: location_platform_interface
      sha256: "62eeaf1658e92e4459b727f55a3c328eccbac8ba043fa6d262ac5286ad48384c"
      url: "https://pub.dev"
    source: hosted
    version: "2.3.0"
  location_web:
    dependency: transitive
    description:
      name: location_web
      sha256: "6c08c408a040534c0269c4ff9fe17eebb5a36dea16512fbaf116b9c8bc21545b"
      url: "https://pub.dev"
    source: hosted
    version: "3.1.1"
  logger:
    dependency: transitive
    description:
      name: logger
      sha256: "5076f09225f91dc49289a4ccb92df2eeea9ea01cf7c26d49b3a1f04c6a49eec1"
      url: "https://pub.dev"
    source: hosted
    version: "1.1.0"
  maps_launcher:
    dependency: "direct main"
    description:
      name: maps_launcher
      sha256: "2fd2e8704c7cb74455d14c652f8a6b505a7f9d369cb41bf67384712cea0eb585"
      url: "https://pub.dev"
    source: hosted
    version: "2.0.1"
  matcher:
    dependency: transitive
    description:
      name: matcher
      sha256: "16db949ceee371e9b99d22f88fa3a73c4e59fd0afed0bd25fc336eb76c198b72"
      url: "https://pub.dev"
    source: hosted
    version: "0.12.13"
  material_color_utilities:
    dependency: transitive
    description:
      name: material_color_utilities
      sha256: d92141dc6fe1dad30722f9aa826c7fbc896d021d792f80678280601aff8cf724
      url: "https://pub.dev"
    source: hosted
    version: "0.2.0"
  meta:
    dependency: transitive
    description:
      name: meta
      sha256: "6c268b42ed578a53088d834796959e4a1814b5e9e164f147f580a386e5decf42"
      url: "https://pub.dev"
    source: hosted
    version: "1.8.0"
  mgrs_dart:
    dependency: transitive
    description:
      name: mgrs_dart
      sha256: fb89ae62f05fa0bb90f70c31fc870bcbcfd516c843fb554452ab3396f78586f7
      url: "https://pub.dev"
    source: hosted
    version: "2.0.0"
  mime:
    dependency: transitive
    description:
      name: mime
      sha256: dab22e92b41aa1255ea90ddc4bc2feaf35544fd0728e209638cad041a6e3928a
      url: "https://pub.dev"
    source: hosted
    version: "1.0.2"
  nested:
    dependency: transitive
    description:
      name: nested
      sha256: "03bac4c528c64c95c722ec99280375a6f2fc708eec17c7b3f07253b626cd2a20"
      url: "https://pub.dev"
    source: hosted
    version: "1.0.0"
  nm:
    dependency: transitive
    description:
      name: nm
      sha256: "2c9aae4127bdc8993206464fcc063611e0e36e72018696cd9631023a31b24254"
      url: "https://pub.dev"
    source: hosted
    version: "0.5.0"
  package_info_plus:
    dependency: transitive
    description:
      name: package_info_plus
      sha256: e2828c44c7fd0d5376b9b5b4c9f1cd9534042df8de43869f9d841da74f5cb4bf
      url: "https://pub.dev"
    source: hosted
    version: "1.4.3"
  package_info_plus_linux:
    dependency: transitive
    description:
      name: package_info_plus_linux
      sha256: "04b575f44233d30edbb80a94e57cad9107aada334fc02aabb42b6becd13c43fc"
      url: "https://pub.dev"
    source: hosted
    version: "1.0.5"
  package_info_plus_macos:
    dependency: transitive
    description:
      name: package_info_plus_macos
      sha256: a2ad8b4acf4cd479d4a0afa5a74ea3f5b1c7563b77e52cc32b3ee6956d5482a6
      url: "https://pub.dev"
    source: hosted
    version: "1.3.0"
  package_info_plus_platform_interface:
    dependency: transitive
    description:
      name: package_info_plus_platform_interface
      sha256: f7a0c8f1e7e981bc65f8b64137a53fd3c195b18d429fba960babc59a5a1c7ae8
      url: "https://pub.dev"
    source: hosted
    version: "1.0.2"
  package_info_plus_web:
    dependency: transitive
    description:
      name: package_info_plus_web
      sha256: d652f0a865d2da52856e2001c53e83fe34a6009cd8d8751d38cf8173c0abf906
      url: "https://pub.dev"
    source: hosted
    version: "1.0.5"
  package_info_plus_windows:
    dependency: transitive
    description:
      name: package_info_plus_windows
      sha256: "81f4717b58d33707a2524011fc5cc4d8ba7774639dd894319d27f1ebed94856d"
      url: "https://pub.dev"
    source: hosted
    version: "2.0.0"
  path:
    dependency: transitive
    description:
      name: path
      sha256: db9d4f58c908a4ba5953fcee2ae317c94889433e5024c27ce74a37f94267945b
      url: "https://pub.dev"
    source: hosted
    version: "1.8.2"
  path_provider:
    dependency: "direct main"
    description:
      name: path_provider
      sha256: "050e8e85e4b7fecdf2bb3682c1c64c4887a183720c802d323de8a5fd76d372dd"
      url: "https://pub.dev"
    source: hosted
    version: "2.0.11"
  path_provider_android:
    dependency: transitive
    description:
      name: path_provider_android
      sha256: cf7c403a541fc68cd398fb91a7eea8ec234813547d5b55245eed644d1246c5d8
      url: "https://pub.dev"
    source: hosted
    version: "2.0.16"
  path_provider_ios:
    dependency: transitive
    description:
      name: path_provider_ios
      sha256: "641df59948e0fda05ca71f1dd6768d6da7f0ceb52aab734bf9050db54fca7f4c"
      url: "https://pub.dev"
    source: hosted
    version: "2.0.10"
  path_provider_linux:
    dependency: transitive
    description:
      name: path_provider_linux
      sha256: ab0987bf95bc591da42dffb38c77398fc43309f0b9b894dcc5d6f40c4b26c379
      url: "https://pub.dev"
    source: hosted
    version: "2.1.7"
  path_provider_macos:
    dependency: transitive
    description:
      name: path_provider_macos
      sha256: "2a97e7fbb7ae9dcd0dfc1220a78e9ec3e71da691912e617e8715ff2a13086ae8"
      url: "https://pub.dev"
    source: hosted
    version: "2.0.6"
  path_provider_platform_interface:
    dependency: transitive
    description:
      name: path_provider_platform_interface
      sha256: "27dc7a224fcd07444cb5e0e60423ccacea3e13cf00fc5282ac2c918132da931d"
      url: "https://pub.dev"
    source: hosted
    version: "2.0.4"
  path_provider_windows:
    dependency: transitive
    description:
      name: path_provider_windows
      sha256: "999d3dc2ac03ca3f8433018efa40b73558fa4f9759bf8383a217861d120c7d74"
      url: "https://pub.dev"
    source: hosted
    version: "2.1.0"
  permission_handler:
    dependency: "direct main"
    description:
      name: permission_handler
      sha256: ae51809c535fd765061c7384a67bc24d304d24cfc455c59e2f6a5cec9a37fc9c
      url: "https://pub.dev"
    source: hosted
    version: "10.0.0"
  permission_handler_android:
    dependency: transitive
    description:
      name: permission_handler_android
      sha256: "692e5dd690cd9e978e1cefa67d97bddd3a7f4748ddac6cd8bbd1a354a6a1869f"
      url: "https://pub.dev"
    source: hosted
    version: "10.0.0"
  permission_handler_apple:
    dependency: transitive
    description:
      name: permission_handler_apple
      sha256: "6367799be76d1fe70ffe2df7f025abfe28818b450f550621778995badbebf519"
      url: "https://pub.dev"
    source: hosted
    version: "9.0.4"
  permission_handler_platform_interface:
    dependency: transitive
    description:
      name: permission_handler_platform_interface
      sha256: ca16451bfdc6d26693d10b37b2d81370bdf3f0318422f3eecfd6004f5bd7d21f
      url: "https://pub.dev"
    source: hosted
    version: "3.7.0"
  permission_handler_windows:
    dependency: transitive
    description:
      name: permission_handler_windows
      sha256: "40ad5ab4d3c65d75c7f3a069065c77503aae19a1cf01ba246d43489e14f1b90c"
      url: "https://pub.dev"
    source: hosted
    version: "0.1.0"
  petitparser:
    dependency: transitive
    description:
      name: petitparser
      sha256: "2ebb289dc4764ec397f5cd3ca9881c6d17196130a7d646ed022a0dd9c2e25a71"
      url: "https://pub.dev"
    source: hosted
    version: "5.0.0"
  platform:
    dependency: transitive
    description:
      name: platform
      sha256: "4a451831508d7d6ca779f7ac6e212b4023dd5a7d08a27a63da33756410e32b76"
      url: "https://pub.dev"
    source: hosted
    version: "3.1.0"
  plugin_platform_interface:
    dependency: transitive
    description:
      name: plugin_platform_interface
      sha256: "075f927ebbab4262ace8d0b283929ac5410c0ac4e7fc123c76429564facfb757"
      url: "https://pub.dev"
    source: hosted
    version: "2.1.2"
  polylabel:
    dependency: transitive
    description:
      name: polylabel
      sha256: "41b9099afb2aa6c1730bdd8a0fab1400d287694ec7615dd8516935fa3144214b"
      url: "https://pub.dev"
    source: hosted
    version: "1.0.1"
  positioned_tap_detector_2:
    dependency: transitive
    description:
      name: positioned_tap_detector_2
      sha256: "52e06863ad3e1f82b058fd05054fc8c9caeeb3b47d5cea7a24bd9320746059c1"
      url: "https://pub.dev"
    source: hosted
    version: "1.0.4"
  process:
    dependency: transitive
    description:
      name: process
      sha256: "53fd8db9cec1d37b0574e12f07520d582019cb6c44abf5479a01505099a34a09"
      url: "https://pub.dev"
    source: hosted
    version: "4.2.4"
  proj4dart:
    dependency: transitive
    description:
      name: proj4dart
      sha256: ecece8694cb026917f9e90c0e0593043c65051e516aa9e6cd0f6f8c48485262e
      url: "https://pub.dev"
    source: hosted
    version: "2.0.0"
  provider:
    dependency: "direct main"
    description:
      name: provider
      sha256: "8d7d4c2df46d6a6270a4e10404bfecb18a937e3e00f710c260d0a10415ce6b7b"
      url: "https://pub.dev"
    source: hosted
    version: "6.0.3"
  quiver:
    dependency: transitive
    description:
      name: quiver
      sha256: "93982981971e812c94d4a6fa3a57b89f9ec12b38b6380cd3c1370c3b01e4580e"
      url: "https://pub.dev"
    source: hosted
    version: "3.1.0"
  recase:
    dependency: transitive
    description:
      name: recase
      sha256: "7aec9b9f498cba65ed969eda51ea3d86a77bbd633d876b57d9db7d9f94fc6ca5"
      url: "https://pub.dev"
    source: hosted
    version: "4.0.0"
  rxdart:
    dependency: transitive
    description:
      name: rxdart
      sha256: "5d22055fd443806c03ef24a02000637cf51eae49c2a0168d38a43fc166b0209c"
      url: "https://pub.dev"
    source: hosted
    version: "0.27.5"
  scroll_to_index:
    dependency: "direct main"
    description:
      name: scroll_to_index
      sha256: b707546e7500d9f070d63e5acf74fd437ec7eeeb68d3412ef7b0afada0b4f176
      url: "https://pub.dev"
    source: hosted
    version: "3.0.1"
  sentry:
    dependency: transitive
    description:
      name: sentry
      sha256: "49ac8e776760384352ce6b974b6b396b63de53eb2d02c10767f8173d31c23eaa"
      url: "https://pub.dev"
    source: hosted
    version: "6.7.0"
  sentry_flutter:
    dependency: "direct main"
    description:
      name: sentry_flutter
      sha256: bf6cb18dfa709ea757cad162bde80ded10b4ad55c846c1be606ba4e4567263b7
      url: "https://pub.dev"
    source: hosted
    version: "6.7.0"
  settings_ui:
    dependency: "direct main"
    description:
      name: settings_ui
      sha256: d9838037cb554b24b4218b2d07666fbada3478882edefae375ee892b6c820ef3
      url: "https://pub.dev"
    source: hosted
    version: "2.0.2"
  share_plus:
    dependency: "direct main"
    description:
      name: share_plus
      sha256: "2555f2a5be38cef10417ed926287fab766b9c2872df322a5006652471a44a6dd"
      url: "https://pub.dev"
    source: hosted
    version: "4.0.10"
  share_plus_linux:
    dependency: transitive
    description:
      name: share_plus_linux
      sha256: "308853d0472048e4c9b58ccc7faee6937732dc9fee7ab8e09f28bcd8d00a7a03"
      url: "https://pub.dev"
    source: hosted
    version: "3.0.0"
  share_plus_macos:
    dependency: transitive
    description:
      name: share_plus_macos
      sha256: "44daa946f2845045ecd7abb3569b61cd9a55ae9cc4cbec9895b2067b270697ae"
      url: "https://pub.dev"
    source: hosted
    version: "3.0.1"
  share_plus_platform_interface:
    dependency: transitive
    description:
      name: share_plus_platform_interface
      sha256: "04e7c8398fdb776943bb61d7ff109c84db15d1adffaac06696fb46761939be47"
      url: "https://pub.dev"
    source: hosted
    version: "3.0.3"
  share_plus_web:
    dependency: transitive
    description:
      name: share_plus_web
      sha256: d53953fc009365d7256b55adeda1fff2d579057796649c7e29812c1efb442dd4
      url: "https://pub.dev"
    source: hosted
    version: "3.0.1"
  share_plus_windows:
    dependency: transitive
    description:
      name: share_plus_windows
      sha256: "3a21515ae7d46988d42130cd53294849e280a5de6ace24bae6912a1bffd757d4"
      url: "https://pub.dev"
    source: hosted
    version: "3.0.1"
  shared_preferences:
    dependency: "direct main"
    description:
      name: shared_preferences
      sha256: "76917b7d4b9526b2ba416808a7eb9fb2863c1a09cf63ec85f1453da240fa818a"
      url: "https://pub.dev"
    source: hosted
    version: "2.0.15"
  shared_preferences_android:
    dependency: transitive
    description:
      name: shared_preferences_android
      sha256: "853801ce6ba7429ec4e923e37317f32a57c903de50b8c33ffcfbdb7e6f0dd39c"
      url: "https://pub.dev"
    source: hosted
    version: "2.0.12"
  shared_preferences_ios:
    dependency: transitive
    description:
      name: shared_preferences_ios
      sha256: "585a14cefec7da8c9c2fb8cd283a3bb726b4155c0952afe6a0caaa7b2272de34"
      url: "https://pub.dev"
    source: hosted
    version: "2.1.1"
  shared_preferences_linux:
    dependency: transitive
    description:
      name: shared_preferences_linux
      sha256: "28aefc1261746e7bad3d09799496054beb84e8c4ffcdfed7734e17b4ada459a5"
      url: "https://pub.dev"
    source: hosted
    version: "2.1.1"
  shared_preferences_macos:
    dependency: transitive
    description:
      name: shared_preferences_macos
      sha256: fbb94bf296576f49be37a1496d5951796211a8db0aa22cc0d68c46440dad808c
      url: "https://pub.dev"
    source: hosted
    version: "2.0.4"
  shared_preferences_platform_interface:
    dependency: transitive
    description:
      name: shared_preferences_platform_interface
      sha256: "992f0fdc46d0a3c0ac2e5859f2de0e577bbe51f78a77ee8f357cbe626a2ad32d"
      url: "https://pub.dev"
    source: hosted
    version: "2.0.0"
  shared_preferences_web:
    dependency: transitive
    description:
      name: shared_preferences_web
      sha256: a4b5bc37fe1b368bbc81f953197d55e12f49d0296e7e412dfe2d2d77d6929958
      url: "https://pub.dev"
    source: hosted
    version: "2.0.4"
  shared_preferences_windows:
    dependency: transitive
    description:
      name: shared_preferences_windows
      sha256: "97f7ab9a7da96d9cf19581f5de520ceb529548498bd6b5e0ccd02d68a0d15eba"
      url: "https://pub.dev"
    source: hosted
    version: "2.1.1"
  sky_engine:
    dependency: transitive
    description: flutter
    source: sdk
    version: "0.0.99"
  source_span:
    dependency: transitive
    description:
      name: source_span
      sha256: dd904f795d4b4f3b870833847c461801f6750a9fa8e61ea5ac53f9422b31f250
      url: "https://pub.dev"
    source: hosted
    version: "1.9.1"
  sqflite:
    dependency: "direct main"
    description:
      name: sqflite
      sha256: "871add98426a67a41bf4768d3130f2b67fd551e21f34196f96ccedee8dd1dc23"
      url: "https://pub.dev"
    source: hosted
    version: "2.0.3"
  sqflite_common:
    dependency: transitive
    description:
      name: sqflite_common
      sha256: b504fc5b4576a05586a0bb99d9bcc0d37a78d9d5ed68b96c361d5d3a8e538275
      url: "https://pub.dev"
    source: hosted
    version: "2.2.1+1"
  stack_trace:
    dependency: transitive
    description:
      name: stack_trace
      sha256: c3c7d8edb15bee7f0f74debd4b9c5f3c2ea86766fe4178eb2a18eb30a0bdaed5
      url: "https://pub.dev"
    source: hosted
    version: "1.11.0"
  sticky_headers:
    dependency: "direct main"
    description:
      name: sticky_headers
      sha256: "9b3dd2cb0fd6a7038170af3261f855660cbb241cb56c501452cb8deed7023ede"
      url: "https://pub.dev"
    source: hosted
    version: "0.3.0+2"
  stream_channel:
    dependency: transitive
    description:
      name: stream_channel
      sha256: "83615bee9045c1d322bbbd1ba209b7a749c2cbcdcb3fdd1df8eb488b3279c1c8"
      url: "https://pub.dev"
    source: hosted
    version: "2.1.1"
  string_scanner:
    dependency: transitive
    description:
      name: string_scanner
      sha256: "556692adab6cfa87322a115640c11f13cb77b3f076ddcc5d6ae3c20242bedcde"
      url: "https://pub.dev"
    source: hosted
    version: "1.2.0"
  synchronized:
    dependency: transitive
    description:
      name: synchronized
      sha256: a7f0790927c0806ae0d5eb061c713748fa6070ef0037e391a2d53c3844c09dc2
      url: "https://pub.dev"
    source: hosted
    version: "3.0.0+2"
  term_glyph:
    dependency: transitive
    description:
      name: term_glyph
      sha256: a29248a84fbb7c79282b40b8c72a1209db169a2e0542bce341da992fe1bc7e84
      url: "https://pub.dev"
    source: hosted
    version: "1.2.1"
  test_api:
    dependency: transitive
    description:
      name: test_api
      sha256: ad540f65f92caa91bf21dfc8ffb8c589d6e4dc0c2267818b4cc2792857706206
      url: "https://pub.dev"
    source: hosted
    version: "0.4.16"
  timeago:
    dependency: transitive
    description:
      name: timeago
      sha256: "3a38963615f1178531afa7177199e37522cf8dcbd93a144b597e32ec6d84bd9f"
      url: "https://pub.dev"
    source: hosted
    version: "3.2.2"
  timeago_flutter:
    dependency: "direct main"
    description:
      name: timeago_flutter
      sha256: "193a45aff2ce37047d87ad5a1d995b145d0b34002c682ced828e89abbd5c770f"
      url: "https://pub.dev"
    source: hosted
    version: "1.1.0"
  tuple:
    dependency: "direct main"
    description:
      name: tuple
      sha256: fe3ae4f0dca3f9aac0888e2e0d117b642ce283a82d7017b54136290c0a3b0dd3
      url: "https://pub.dev"
    source: hosted
    version: "2.0.0"
  typed_data:
    dependency: transitive
    description:
      name: typed_data
      sha256: "26f87ade979c47a150c9eaab93ccd2bebe70a27dc0b4b29517f2904f04eb11a5"
      url: "https://pub.dev"
    source: hosted
    version: "1.3.1"
  unicode:
    dependency: transitive
    description:
      name: unicode
      sha256: "0f69e46593d65245774d4f17125c6084d2c20b4e473a983f6e21b7d7762218f1"
      url: "https://pub.dev"
    source: hosted
    version: "0.3.1"
  url_launcher:
    dependency: "direct main"
    description:
      name: url_launcher
      sha256: "4f0d5f9bf7efba3da5a7ff03bd33cc898c84bac978c068e1c94483828e709592"
      url: "https://pub.dev"
    source: hosted
    version: "6.1.5"
  url_launcher_android:
    dependency: transitive
    description:
      name: url_launcher_android
      sha256: "1ccd353c1bff66b49863527c02759f4d06b92744bd9777c96a00ca6a9e8e1d2f"
      url: "https://pub.dev"
    source: hosted
    version: "6.0.17"
  url_launcher_ios:
    dependency: transitive
    description:
      name: url_launcher_ios
      sha256: "6ba7dddee26c9fae27c9203c424631109d73c8fa26cfa7bc3e35e751cb87f62e"
      url: "https://pub.dev"
    source: hosted
    version: "6.0.17"
  url_launcher_linux:
    dependency: transitive
    description:
      name: url_launcher_linux
      sha256: "360fa359ab06bcb4f7c5cd3123a2a9a4d3364d4575d27c4b33468bd4497dd094"
      url: "https://pub.dev"
    source: hosted
    version: "3.0.1"
  url_launcher_macos:
    dependency: transitive
    description:
      name: url_launcher_macos
      sha256: a9b3ea9043eabfaadfa3fb89de67a11210d85569086d22b3854484beab8b3978
      url: "https://pub.dev"
    source: hosted
    version: "3.0.1"
  url_launcher_platform_interface:
    dependency: transitive
    description:
      name: url_launcher_platform_interface
      sha256: "80b860b31a11ebbcbe51b8fe887efc204f3af91522f3b51bcda4622d276d2120"
      url: "https://pub.dev"
    source: hosted
    version: "2.1.0"
  url_launcher_web:
    dependency: transitive
    description:
      name: url_launcher_web
      sha256: "15fd9dbb306d5efce57dcf62dcb1ae045fbf74079ab4464a950e099bf5800deb"
      url: "https://pub.dev"
    source: hosted
    version: "2.0.12"
  url_launcher_windows:
    dependency: transitive
    description:
      name: url_launcher_windows
      sha256: e3c3b16d3104260c10eea3b0e34272aaa57921f83148b0619f74c2eced9b7ef1
      url: "https://pub.dev"
    source: hosted
    version: "3.0.1"
  uuid:
    dependency: "direct main"
    description:
      name: uuid
      sha256: "2469694ad079893e3b434a627970c33f2fa5adc46dfe03c9617546969a9a8afc"
      url: "https://pub.dev"
    source: hosted
    version: "3.0.6"
  vector_math:
    dependency: transitive
    description:
      name: vector_math
      sha256: "80b3257d1492ce4d091729e3a67a60407d227c27241d6927be0130c98e741803"
      url: "https://pub.dev"
    source: hosted
    version: "2.1.4"
  win32:
    dependency: transitive
    description:
      name: win32
      sha256: "6b75ac2ddd42f5c226fdaf4498a2b04071c06f1f2b8f7ab1c3f77cc7f2285ff1"
      url: "https://pub.dev"
    source: hosted
    version: "2.7.0"
  wkt_parser:
    dependency: transitive
    description:
      name: wkt_parser
      sha256: "8a555fc60de3116c00aad67891bcab20f81a958e4219cc106e3c037aa3937f13"
      url: "https://pub.dev"
    source: hosted
    version: "2.0.0"
  xdg_directories:
    dependency: transitive
    description:
      name: xdg_directories
      sha256: "060b6e1c891d956f72b5ac9463466c37cce3fa962a921532fc001e86fe93438e"
      url: "https://pub.dev"
    source: hosted
    version: "0.2.0+1"
  xml:
    dependency: transitive
    description:
      name: xml
      sha256: ac0e3f4bf00ba2708c33fbabbbe766300e509f8c82dbd4ab6525039813f7e2fb
      url: "https://pub.dev"
    source: hosted
    version: "6.1.0"
  yaml:
    dependency: transitive
    description:
      name: yaml
      sha256: "23812a9b125b48d4007117254bca50abb6c712352927eece9e155207b1db2370"
      url: "https://pub.dev"
    source: hosted
    version: "3.1.1"
sdks:
  dart: ">=2.18.0 <3.0.0"
  flutter: ">=3.0.0"
