PODS:
  - AppAuth (1.6.2):
    - AppAuth/Core (= 1.6.2)
    - AppAuth/ExternalUserAgent (= 1.6.2)
  - AppAuth/Core (1.6.2)
  - AppAuth/ExternalUserAgent (1.6.2):
    - AppAuth/Core
  - audio_session (0.0.1):
    - Flutter
  - connectivity_plus (0.0.1):
    - Flutter
    - ReachabilitySwift
  - emoji_picker_flutter (0.0.1):
    - Flutter
  - Flutter (1.0.0)
  - flutter_archive (0.0.1):
    - Flutter
    - ZIPFoundation (= 0.9.13)
  - flutter_keyboard_visibility (0.0.1):
    - Flutter
  - flutter_sound (9.2.13):
    - Flutter
    - flutter_sound_core (= 9.2.13)
  - flutter_sound_core (9.2.13)
  - flutter_vibrate (0.0.1):
    - Flutter
  - FMDB (2.7.5):
    - FMDB/standard (= 2.7.5)
  - FMDB/standard (2.7.5)
  - google_sign_in_ios (0.0.1):
    - Flutter
    - GoogleSignIn (~> 6.2)
  - GoogleSignIn (6.2.4):
    - AppAuth (~> 1.5)
    - GTMAppAuth (~> 1.3)
    - GTMSessionFetcher/Core (< 3.0, >= 1.1)
  - GTMAppAuth (1.3.1):
    - AppAuth/Core (~> 1.6)
    - GTMSessionFetcher/Core (< 3.0, >= 1.5)
  - GTMSessionFetcher/Core (2.3.0)
  - location (0.0.1):
    - Flutter
  - maps_launcher (0.0.1):
    - Flutter
  - package_info_plus (0.4.5):
    - Flutter
  - path_provider_foundation (0.0.1):
    - Flutter
    - FlutterMacOS
  - permission_handler_apple (9.1.1):
    - Flutter
  - ReachabilitySwift (5.0.0)
  - Sentry/HybridSDK (8.9.1):
    - SentryPrivate (= 8.9.1)
  - sentry_flutter (0.0.1):
    - Flutter
    - FlutterMacOS
    - Sentry/HybridSDK (= 8.9.1)
  - SentryPrivate (8.9.1)
  - share_plus (0.0.1):
    - Flutter
  - shared_preferences_foundation (0.0.1):
    - Flutter
    - FlutterMacOS
  - sqflite (0.0.3):
    - Flutter
    - FMDB (>= 2.7.5)
  - url_launcher_ios (0.0.1):
    - Flutter
  - ZIPFoundation (0.9.13)

DEPENDENCIES:
  - audio_session (from `.symlinks/plugins/audio_session/ios`)
  - connectivity_plus (from `.symlinks/plugins/connectivity_plus/ios`)
  - emoji_picker_flutter (from `.symlinks/plugins/emoji_picker_flutter/ios`)
  - Flutter (from `Flutter`)
  - flutter_archive (from `.symlinks/plugins/flutter_archive/ios`)
  - flutter_keyboard_visibility (from `.symlinks/plugins/flutter_keyboard_visibility/ios`)
  - flutter_sound (from `.symlinks/plugins/flutter_sound/ios`)
  - flutter_vibrate (from `.symlinks/plugins/flutter_vibrate/ios`)
  - google_sign_in_ios (from `.symlinks/plugins/google_sign_in_ios/ios`)
  - location (from `.symlinks/plugins/location/ios`)
  - maps_launcher (from `.symlinks/plugins/maps_launcher/ios`)
  - package_info_plus (from `.symlinks/plugins/package_info_plus/ios`)
  - path_provider_foundation (from `.symlinks/plugins/path_provider_foundation/ios`)
  - permission_handler_apple (from `.symlinks/plugins/permission_handler_apple/ios`)
  - sentry_flutter (from `.symlinks/plugins/sentry_flutter/ios`)
  - share_plus (from `.symlinks/plugins/share_plus/ios`)
  - shared_preferences_foundation (from `.symlinks/plugins/shared_preferences_foundation/ios`)
  - sqflite (from `.symlinks/plugins/sqflite/ios`)
  - url_launcher_ios (from `.symlinks/plugins/url_launcher_ios/ios`)

SPEC REPOS:
  trunk:
    - AppAuth
    - flutter_sound_core
    - FMDB
    - GoogleSignIn
    - GTMAppAuth
    - GTMSessionFetcher
    - ReachabilitySwift
    - Sentry
    - SentryPrivate
    - ZIPFoundation

EXTERNAL SOURCES:
  audio_session:
    :path: ".symlinks/plugins/audio_session/ios"
  connectivity_plus:
    :path: ".symlinks/plugins/connectivity_plus/ios"
  emoji_picker_flutter:
    :path: ".symlinks/plugins/emoji_picker_flutter/ios"
  Flutter:
    :path: Flutter
  flutter_archive:
    :path: ".symlinks/plugins/flutter_archive/ios"
  flutter_keyboard_visibility:
    :path: ".symlinks/plugins/flutter_keyboard_visibility/ios"
  flutter_sound:
    :path: ".symlinks/plugins/flutter_sound/ios"
  flutter_vibrate:
    :path: ".symlinks/plugins/flutter_vibrate/ios"
  google_sign_in_ios:
    :path: ".symlinks/plugins/google_sign_in_ios/ios"
  location:
    :path: ".symlinks/plugins/location/ios"
  maps_launcher:
    :path: ".symlinks/plugins/maps_launcher/ios"
  package_info_plus:
    :path: ".symlinks/plugins/package_info_plus/ios"
  path_provider_foundation:
    :path: ".symlinks/plugins/path_provider_foundation/ios"
  permission_handler_apple:
    :path: ".symlinks/plugins/permission_handler_apple/ios"
  sentry_flutter:
    :path: ".symlinks/plugins/sentry_flutter/ios"
  share_plus:
    :path: ".symlinks/plugins/share_plus/ios"
  shared_preferences_foundation:
    :path: ".symlinks/plugins/shared_preferences_foundation/ios"
  sqflite:
    :path: ".symlinks/plugins/sqflite/ios"
  url_launcher_ios:
    :path: ".symlinks/plugins/url_launcher_ios/ios"

SPEC CHECKSUMS:
  AppAuth: 3bb1d1cd9340bd09f5ed189fb00b1cc28e1e8570
  audio_session: 4f3e461722055d21515cf3261b64c973c062f345
  connectivity_plus: 07c49e96d7fc92bc9920617b83238c4d178b446a
  emoji_picker_flutter: df19dac03a2b39ac667dc8d1da939ef3a9e21347
  Flutter: f04841e97a9d0b0a8025694d0796dd46242b2854
  flutter_archive: 1805fdd3a695fd284b43edb53dc35ca843fb761c
  flutter_keyboard_visibility: 0339d06371254c3eb25eeb90ba8d17dca8f9c069
  flutter_sound: c60effa2a350fb977885f0db2fbc4c1ad5160900
  flutter_sound_core: 26c10e5832e76aaacfae252d8925232281c486ae
  flutter_vibrate: 9f4c2ab57008965f78969472367c329dd77eb801
  FMDB: 2ce00b547f966261cd18927a3ddb07cb6f3db82a
  google_sign_in_ios: 1256ff9d941db546373826966720b0c24804bcdd
  GoogleSignIn: 5651ce3a61e56ca864160e79b484cd9ed3f49b7a
  GTMAppAuth: 0ff230db599948a9ad7470ca667337803b3fc4dd
  GTMSessionFetcher: 3a63d75eecd6aa32c2fc79f578064e1214dfdec2
  location: d5cf8598915965547c3f36761ae9cc4f4e87d22e
  maps_launcher: 2e5b6a2d664ec6c27f82ffa81b74228d770ab203
  package_info_plus: fd030dabf36271f146f1f3beacd48f564b0f17f7
  path_provider_foundation: 29f094ae23ebbca9d3d0cec13889cd9060c0e943
  permission_handler_apple: e76247795d700c14ea09e3a2d8855d41ee80a2e6
  ReachabilitySwift: 985039c6f7b23a1da463388634119492ff86c825
  Sentry: e3203780941722a1fcfee99e351de14244c7f806
  sentry_flutter: 8f0ffd53088e6a4d50c095852c5cad9e4405025c
  SentryPrivate: 5e3683390f66611fc7c6215e27645873adb55d13
  share_plus: 599aa54e4ea31d4b4c0e9c911bcc26c55e791028
  shared_preferences_foundation: 5b919d13b803cadd15ed2dc053125c68730e5126
  sqflite: 31f7eba61e3074736dff8807a9b41581e4f7f15a
  url_launcher_ios: 08a3dfac5fb39e8759aeb0abbd5d9480f30fc8b4
  ZIPFoundation: ae5b4b813d216d3bf0a148773267fff14bd51d37

PODFILE CHECKSUM: 289b2c470abb1cc51612511117581a1ad35195ef

COCOAPODS: 1.12.0
